
Microsoft Visual Studio Solution File, Format Version 12.00
# Visual Studio Version 17
VisualStudioVersion = 17.9.34728.123
MinimumVisualStudioVersion = 10.0.40219.1
Project("{FAE04EC0-301F-11D3-BF4B-00C04F79EFBC}") = "Progenda.Net.Api", "Progenda.Net.Api\Progenda.Net.Api.csproj", "{1781753C-42C7-4901-B67E-2121B0EB7637}"
EndProject
Global
	GlobalSection(SolutionConfigurationPlatforms) = preSolution
		Debug|Any CPU = Debug|Any CPU
		Release|Any CPU = Release|Any CPU
	EndGlobalSection
	GlobalSection(ProjectConfigurationPlatforms) = postSolution
		{1781753C-42C7-4901-B67E-2121B0EB7637}.Debug|Any CPU.ActiveCfg = Debug|Any CPU
		{1781753C-42C7-4901-B67E-2121B0EB7637}.Debug|Any CPU.Build.0 = Debug|Any CPU
		{1781753C-42C7-4901-B67E-2121B0EB7637}.Release|Any CPU.ActiveCfg = Release|Any CPU
		{1781753C-42C7-4901-B67E-2121B0EB7637}.Release|Any CPU.Build.0 = Release|Any CPU
	EndGlobalSection
	GlobalSection(SolutionProperties) = preSolution
		HideSolutionNode = FALSE
	EndGlobalSection
	GlobalSection(ExtensibilityGlobals) = postSolution
		SolutionGuid = {326E22CA-05A9-4EAC-B7DB-AE53ABE6178D}
	EndGlobalSection
EndGlobal
